// !$*UTF8*$!
{
	archiveVersion = 1;
	classes = {
	};
	objectVersion = 46;
	objects = {

/* Begin PBXBuildFile section */
		48FD59C51D75190D0021C3FF /* main.cpp in Sources */ = {isa = PBXBuildFile; fileRef = 48FD59C41D75190D0021C3FF /* main.cpp */; };
		48FD59D51D751A840021C3FF /* csce310hw001pt01.cpp in Sources */ = {isa = PBXBuildFile; fileRef = 48FD59CB1D751A840021C3FF /* csce310hw001pt01.cpp */; };
		48FD59D61D751A840021C3FF /* csce310hw001pt02.cpp in Sources */ = {isa = PBXBuildFile; fileRef = 48FD59CD1D751A840021C3FF /* csce310hw001pt02.cpp */; };
		48FD59D71D751A840021C3FF /* test01.cpp in Sources */ = {isa = PBXBuildFile; fileRef = 48FD59D31D751A840021C3FF /* test01.cpp */; };
		48FD59D81D751A840021C3FF /* test02.cpp in Sources */ = {isa = PBXBuildFile; fileRef = 48FD59D41D751A840021C3FF /* test02.cpp */; };
/* End PBXBuildFile section */

/* Begin PBXCopyFilesBuildPhase section */
		48FD59BF1D75190D0021C3FF /* CopyFiles */ = {
			isa = PBXCopyFilesBuildPhase;
			buildActionMask = 2147483647;
			dstPath = /usr/share/man/man1/;
			dstSubfolderSpec = 0;
			files = (
			);
			runOnlyForDeploymentPostprocessing = 1;
		};
/* End PBXCopyFilesBuildPhase section */

/* Begin PBXFileReference section */
		48FD59C11D75190D0021C3FF /* CSCE 310 Homework01 */ = {isa = PBXFileReference; explicitFileType = "compiled.mach-o.executable"; includeInIndex = 0; path = "CSCE 310 Homework01"; sourceTree = BUILT_PRODUCTS_DIR; };
		48FD59C41D75190D0021C3FF /* main.cpp */ = {isa = PBXFileReference; lastKnownFileType = sourcecode.cpp.cpp; path = main.cpp; sourceTree = "<group>"; };
		48FD59CB1D751A840021C3FF /* csce310hw001pt01.cpp */ = {isa = PBXFileReference; fileEncoding = 4; lastKnownFileType = sourcecode.cpp.cpp; name = csce310hw001pt01.cpp; path = "../../../CSCE 310 Data Structures & Algorithms/Homework01/csce310hw001pt01.cpp"; sourceTree = "<group>"; };
		48FD59CC1D751A840021C3FF /* csce310hw001pt01.h */ = {isa = PBXFileReference; fileEncoding = 4; lastKnownFileType = sourcecode.c.h; name = csce310hw001pt01.h; path = "../../../CSCE 310 Data Structures & Algorithms/Homework01/csce310hw001pt01.h"; sourceTree = "<group>"; };
		48FD59CD1D751A840021C3FF /* csce310hw001pt02.cpp */ = {isa = PBXFileReference; fileEncoding = 4; lastKnownFileType = sourcecode.cpp.cpp; name = csce310hw001pt02.cpp; path = "../../../CSCE 310 Data Structures & Algorithms/Homework01/csce310hw001pt02.cpp"; sourceTree = "<group>"; };
		48FD59CE1D751A840021C3FF /* csce310hw001pt02.h */ = {isa = PBXFileReference; fileEncoding = 4; lastKnownFileType = sourcecode.c.h; name = csce310hw001pt02.h; path = "../../../CSCE 310 Data Structures & Algorithms/Homework01/csce310hw001pt02.h"; sourceTree = "<group>"; };
		48FD59CF1D751A840021C3FF /* part01test01.input.txt */ = {isa = PBXFileReference; fileEncoding = 4; lastKnownFileType = text; name = part01test01.input.txt; path = "../../../CSCE 310 Data Structures & Algorithms/Homework01/part01test01.input.txt"; sourceTree = "<group>"; };
		48FD59D01D751A840021C3FF /* part01test01.solution.txt */ = {isa = PBXFileReference; fileEncoding = 4; lastKnownFileType = text; name = part01test01.solution.txt; path = "../../../CSCE 310 Data Structures & Algorithms/Homework01/part01test01.solution.txt"; sourceTree = "<group>"; };
		48FD59D11D751A840021C3FF /* part02test01.input.txt */ = {isa = PBXFileReference; fileEncoding = 4; lastKnownFileType = text; name = part02test01.input.txt; path = "../../../CSCE 310 Data Structures & Algorithms/Homework01/part02test01.input.txt"; sourceTree = "<group>"; };
		48FD59D21D751A840021C3FF /* part02test01.solution.txt */ = {isa = PBXFileReference; fileEncoding = 4; lastKnownFileType = text; name = part02test01.solution.txt; path = "../../../CSCE 310 Data Structures & Algorithms/Homework01/part02test01.solution.txt"; sourceTree = "<group>"; };
		48FD59D31D751A840021C3FF /* test01.cpp */ = {isa = PBXFileReference; fileEncoding = 4; lastKnownFileType = sourcecode.cpp.cpp; name = test01.cpp; path = "../../../CSCE 310 Data Structures & Algorithms/Homework01/test01.cpp"; sourceTree = "<group>"; };
		48FD59D41D751A840021C3FF /* test02.cpp */ = {isa = PBXFileReference; fileEncoding = 4; lastKnownFileType = sourcecode.cpp.cpp; name = test02.cpp; path = "../../../CSCE 310 Data Structures & Algorithms/Homework01/test02.cpp"; sourceTree = "<group>"; };
/* End PBXFileReference section */

/* Begin PBXFrameworksBuildPhase section */
		48FD59BE1D75190D0021C3FF /* Frameworks */ = {
			isa = PBXFrameworksBuildPhase;
			buildActionMask = 2147483647;
			files = (
			);
			runOnlyForDeploymentPostprocessing = 0;
		};
/* End PBXFrameworksBuildPhase section */

/* Begin PBXGroup section */
		48FD59B81D75190D0021C3FF = {
			isa = PBXGroup;
			children = (
				48FD59C31D75190D0021C3FF /* CSCE 310 Homework01 */,
				48FD59C21D75190D0021C3FF /* Products */,
			);
			sourceTree = "<group>";
		};
		48FD59C21D75190D0021C3FF /* Products */ = {
			isa = PBXGroup;
			children = (
				48FD59C11D75190D0021C3FF /* CSCE 310 Homework01 */,
			);
			name = Products;
			sourceTree = "<group>";
		};
		48FD59C31D75190D0021C3FF /* CSCE 310 Homework01 */ = {
			isa = PBXGroup;
			children = (
				48FD59C41D75190D0021C3FF /* main.cpp */,
				48FD59CB1D751A840021C3FF /* csce310hw001pt01.cpp */,
				48FD59CC1D751A840021C3FF /* csce310hw001pt01.h */,
				48FD59CD1D751A840021C3FF /* csce310hw001pt02.cpp */,
				48FD59CE1D751A840021C3FF /* csce310hw001pt02.h */,
				48FD59CF1D751A840021C3FF /* part01test01.input.txt */,
				48FD59D01D751A840021C3FF /* part01test01.solution.txt */,
				48FD59D11D751A840021C3FF /* part02test01.input.txt */,
				48FD59D21D751A840021C3FF /* part02test01.solution.txt */,
				48FD59D31D751A840021C3FF /* test01.cpp */,
				48FD59D41D751A840021C3FF /* test02.cpp */,
			);
			path = "CSCE 310 Homework01";
			sourceTree = "<group>";
		};
/* End PBXGroup section */

/* Begin PBXNativeTarget section */
		48FD59C01D75190D0021C3FF /* CSCE 310 Homework01 */ = {
			isa = PBXNativeTarget;
			buildConfigurationList = 48FD59C81D75190D0021C3FF /* Build configuration list for PBXNativeTarget "CSCE 310 Homework01" */;
			buildPhases = (
				48FD59BD1D75190D0021C3FF /* Sources */,
				48FD59BE1D75190D0021C3FF /* Frameworks */,
				48FD59BF1D75190D0021C3FF /* CopyFiles */,
			);
			buildRules = (
			);
			dependencies = (
			);
			name = "CSCE 310 Homework01";
			productName = "CSCE 310 Homework01";
			productReference = 48FD59C11D75190D0021C3FF /* CSCE 310 Homework01 */;
			productType = "com.apple.product-type.tool";
		};
/* End PBXNativeTarget section */

/* Begin PBXProject section */
		48FD59B91D75190D0021C3FF /* Project object */ = {
			isa = PBXProject;
			attributes = {
				LastUpgradeCheck = 0730;
				ORGANIZATIONNAME = "Cody Mumm";
				TargetAttributes = {
					48FD59C01D75190D0021C3FF = {
						CreatedOnToolsVersion = 7.3.1;
					};
				};
			};
			buildConfigurationList = 48FD59BC1D75190D0021C3FF /* Build configuration list for PBXProject "CSCE 310 Homework01" */;
			compatibilityVersion = "Xcode 3.2";
			developmentRegion = English;
			hasScannedForEncodings = 0;
			knownRegions = (
				en,
			);
			mainGroup = 48FD59B81D75190D0021C3FF;
			productRefGroup = 48FD59C21D75190D0021C3FF /* Products */;
			projectDirPath = "";
			projectRoot = "";
			targets = (
				48FD59C01D75190D0021C3FF /* CSCE 310 Homework01 */,
			);
		};
/* End PBXProject section */

/* Begin PBXSourcesBuildPhase section */
		48FD59BD1D75190D0021C3FF /* Sources */ = {
			isa = PBXSourcesBuildPhase;
			buildActionMask = 2147483647;
			files = (
				48FD59D71D751A840021C3FF /* test01.cpp in Sources */,
				48FD59D51D751A840021C3FF /* csce310hw001pt01.cpp in Sources */,
				48FD59C51D75190D0021C3FF /* main.cpp in Sources */,
				48FD59D81D751A840021C3FF /* test02.cpp in Sources */,
				48FD59D61D751A840021C3FF /* csce310hw001pt02.cpp in Sources */,
			);
			runOnlyForDeploymentPostprocessing = 0;
		};
/* End PBXSourcesBuildPhase section */

/* Begin XCBuildConfiguration section */
		48FD59C61D75190D0021C3FF /* Debug */ = {
			isa = XCBuildConfiguration;
			buildSettings = {
				ALWAYS_SEARCH_USER_PATHS = NO;
				CLANG_ANALYZER_NONNULL = YES;
				CLANG_CXX_LANGUAGE_STANDARD = "gnu++0x";
				CLANG_CXX_LIBRARY = "libc++";
				CLANG_ENABLE_MODULES = YES;
				CLANG_ENABLE_OBJC_ARC = YES;
				CLANG_WARN_BOOL_CONVERSION = YES;
				CLANG_WARN_CONSTANT_CONVERSION = YES;
				CLANG_WARN_DIRECT_OBJC_ISA_USAGE = YES_ERROR;
				CLANG_WARN_EMPTY_BODY = YES;
				CLANG_WARN_ENUM_CONVERSION = YES;
				CLANG_WARN_INT_CONVERSION = YES;
				CLANG_WARN_OBJC_ROOT_CLASS = YES_ERROR;
				CLANG_WARN_UNREACHABLE_CODE = YES;
				CLANG_WARN__DUPLICATE_METHOD_MATCH = YES;
				CODE_SIGN_IDENTITY = "-";
				COPY_PHASE_STRIP = NO;
				DEBUG_INFORMATION_FORMAT = dwarf;
				ENABLE_STRICT_OBJC_MSGSEND = YES;
				ENABLE_TESTABILITY = YES;
				GCC_C_LANGUAGE_STANDARD = gnu99;
				GCC_DYNAMIC_NO_PIC = NO;
				GCC_NO_COMMON_BLOCKS = YES;
				GCC_OPTIMIZATION_LEVEL = 0;
				GCC_PREPROCESSOR_DEFINITIONS = (
					"DEBUG=1",
					"$(inherited)",
				);
				GCC_WARN_64_TO_32_BIT_CONVERSION = YES;
				GCC_WARN_ABOUT_RETURN_TYPE = YES_ERROR;
				GCC_WARN_UNDECLARED_SELECTOR = YES;
				GCC_WARN_UNINITIALIZED_AUTOS = YES_AGGRESSIVE;
				GCC_WARN_UNUSED_FUNCTION = YES;
				GCC_WARN_UNUSED_VARIABLE = YES;
				MACOSX_DEPLOYMENT_TARGET = 10.11;
				MTL_ENABLE_DEBUG_INFO = YES;
				ONLY_ACTIVE_ARCH = YES;
				SDKROOT = macosx;
			};
			name = Debug;
		};
		48FD59C71D75190D0021C3FF /* Release */ = {
			isa = XCBuildConfiguration;
			buildSettings = {
				ALWAYS_SEARCH_USER_PATHS = NO;
				CLANG_ANALYZER_NONNULL = YES;
				CLANG_CXX_LANGUAGE_STANDARD = "gnu++0x";
				CLANG_CXX_LIBRARY = "libc++";
				CLANG_ENABLE_MODULES = YES;
				CLANG_ENABLE_OBJC_ARC = YES;
				CLANG_WARN_BOOL_CONVERSION = YES;
				CLANG_WARN_CONSTANT_CONVERSION = YES;
				CLANG_WARN_DIRECT_OBJC_ISA_USAGE = YES_ERROR;
				CLANG_WARN_EMPTY_BODY = YES;
				CLANG_WARN_ENUM_CONVERSION = YES;
				CLANG_WARN_INT_CONVERSION = YES;
				CLANG_WARN_OBJC_ROOT_CLASS = YES_ERROR;
				CLANG_WARN_UNREACHABLE_CODE = YES;
				CLANG_WARN__DUPLICATE_METHOD_MATCH = YES;
				CODE_SIGN_IDENTITY = "-";
				COPY_PHASE_STRIP = NO;
				DEBUG_INFORMATION_FORMAT = "dwarf-with-dsym";
				ENABLE_NS_ASSERTIONS = NO;
				ENABLE_STRICT_OBJC_MSGSEND = YES;
				GCC_C_LANGUAGE_STANDARD = gnu99;
				GCC_NO_COMMON_BLOCKS = YES;
				GCC_WARN_64_TO_32_BIT_CONVERSION = YES;
				GCC_WARN_ABOUT_RETURN_TYPE = YES_ERROR;
				GCC_WARN_UNDECLARED_SELECTOR = YES;
				GCC_WARN_UNINITIALIZED_AUTOS = YES_AGGRESSIVE;
				GCC_WARN_UNUSED_FUNCTION = YES;
				GCC_WARN_UNUSED_VARIABLE = YES;
				MACOSX_DEPLOYMENT_TARGET = 10.11;
				MTL_ENABLE_DEBUG_INFO = NO;
				SDKROOT = macosx;
			};
			name = Release;
		};
		48FD59C91D75190D0021C3FF /* Debug */ = {
			isa = XCBuildConfiguration;
			buildSettings = {
				PRODUCT_NAME = "$(TARGET_NAME)";
			};
			name = Debug;
		};
		48FD59CA1D75190D0021C3FF /* Release */ = {
			isa = XCBuildConfiguration;
			buildSettings = {
				PRODUCT_NAME = "$(TARGET_NAME)";
			};
			name = Release;
		};
/* End XCBuildConfiguration section */

/* Begin XCConfigurationList section */
		48FD59BC1D75190D0021C3FF /* Build configuration list for PBXProject "CSCE 310 Homework01" */ = {
			isa = XCConfigurationList;
			buildConfigurations = (
				48FD59C61D75190D0021C3FF /* Debug */,
				48FD59C71D75190D0021C3FF /* Release */,
			);
			defaultConfigurationIsVisible = 0;
			defaultConfigurationName = Release;
		};
		48FD59C81D75190D0021C3FF /* Build configuration list for PBXNativeTarget "CSCE 310 Homework01" */ = {
			isa = XCConfigurationList;
			buildConfigurations = (
				48FD59C91D75190D0021C3FF /* Debug */,
				48FD59CA1D75190D0021C3FF /* Release */,
			);
			defaultConfigurationIsVisible = 0;
		};
/* End XCConfigurationList section */
	};
	rootObject = 48FD59B91D75190D0021C3FF /* Project object */;
}
